
Microsoft Visual Studio Solution File, Format Version 12.00
# Visual Studio 15
VisualStudioVersion = 15.0.27130.2027
MinimumVisualStudioVersion = 10.0.40219.1
Project("{9A19103F-16F7-4668-BE54-9A1E7A4F7556}") = "MicroElements.Swashbuckle.FluentValidation.WebApi", "src\MicroElements.Swashbuckle.FluentValidation.WebApi\MicroElements.Swashbuckle.FluentValidation.WebApi.csproj", "{7E04D670-41E1-47FE-B6C8-47F700D9C73D}"
EndProject
Project("{FAE04EC0-301F-11D3-BF4B-00C04F79EFBC}") = "AspNetWebApiOld", "src\AspNetWebApiOld\AspNetWebApiOld.csproj", "{02A80A78-2B9D-4C22-A8F3-CF8C44C57C47}"
EndProject
Global
	GlobalSection(SolutionConfigurationPlatforms) = preSolution
		Debug|Any CPU = Debug|Any CPU
		Release|Any CPU = Release|Any CPU
	EndGlobalSection
	GlobalSection(ProjectConfigurationPlatforms) = postSolution
		{7E04D670-41E1-47FE-B6C8-47F700D9C73D}.Debug|Any CPU.ActiveCfg = Debug|Any CPU
		{7E04D670-41E1-47FE-B6C8-47F700D9C73D}.Debug|Any CPU.Build.0 = Debug|Any CPU
		{7E04D670-41E1-47FE-B6C8-47F700D9C73D}.Release|Any CPU.ActiveCfg = Release|Any CPU
		{7E04D670-41E1-47FE-B6C8-47F700D9C73D}.Release|Any CPU.Build.0 = Release|Any CPU
		{02A80A78-2B9D-4C22-A8F3-CF8C44C57C47}.Debug|Any CPU.ActiveCfg = Debug|Any CPU
		{02A80A78-2B9D-4C22-A8F3-CF8C44C57C47}.Debug|Any CPU.Build.0 = Debug|Any CPU
		{02A80A78-2B9D-4C22-A8F3-CF8C44C57C47}.Release|Any CPU.ActiveCfg = Release|Any CPU
		{02A80A78-2B9D-4C22-A8F3-CF8C44C57C47}.Release|Any CPU.Build.0 = Release|Any CPU
	EndGlobalSection
	GlobalSection(SolutionProperties) = preSolution
		HideSolutionNode = FALSE
	EndGlobalSection
	GlobalSection(ExtensibilityGlobals) = postSolution
		SolutionGuid = {1AA0A677-C642-44C8-A6CE-495E7B7074B8}
	EndGlobalSection
EndGlobal
